
Microsoft Visual Studio Solution File, Format Version 12.00
# Visual Studio Version 17
VisualStudioVersion = 17.11.35208.52
MinimumVisualStudioVersion = 10.0.40219.1
Project("{FAE04EC0-301F-11D3-BF4B-00C04F79EFBC}") = "AzureFunctionOpcUa", "AzureFunctionOpcUa\AzureFunctionOpcUa.csproj", "{0FFFD8D4-1572-406F-8107-AFBBF37107A3}"
EndProject
Global
	GlobalSection(SolutionConfigurationPlatforms) = preSolution
		Debug|Any CPU = Debug|Any CPU
		Release|Any CPU = Release|Any CPU
	EndGlobalSection
	GlobalSection(ProjectConfigurationPlatforms) = postSolution
		{0FFFD8D4-1572-406F-8107-AFBBF37107A3}.Debug|Any CPU.ActiveCfg = Debug|Any CPU
		{0FFFD8D4-1572-406F-8107-AFBBF37107A3}.Debug|Any CPU.Build.0 = Debug|Any CPU
		{0FFFD8D4-1572-406F-8107-AFBBF37107A3}.Release|Any CPU.ActiveCfg = Release|Any CPU
		{0FFFD8D4-1572-406F-8107-AFBBF37107A3}.Release|Any CPU.Build.0 = Release|Any CPU
	EndGlobalSection
	GlobalSection(SolutionProperties) = preSolution
		HideSolutionNode = FALSE
	EndGlobalSection
	GlobalSection(ExtensibilityGlobals) = postSolution
		SolutionGuid = {DEC42225-BFBC-4CEE-9167-1E4D570D6A52}
	EndGlobalSection
EndGlobal
